
Microsoft Visual Studio Solution File, Format Version 12.00
# Visual Studio 2013
VisualStudioVersion = 12.0.40629.0
MinimumVisualStudioVersion = 10.0.40219.1
Project("{581633EB-B896-402F-8E60-36F3DA191C85}") = "LightSwitch1", "LightSwitch1\LightSwitch1.lsxtproj", "{5937B0CA-B9AA-446E-81A0-63D7820D2F1A}"
EndProject
Project("{FAE04EC0-301F-11D3-BF4B-00C04F79EFBC}") = "LightSwitch1.Server", "LightSwitch1\LightSwitch1.Server\LightSwitch1.Server.csproj", "{33E9C9DA-C83C-453B-98F5-4B935B2D8D7E}"
EndProject
Project("{FAE04EC0-301F-11D3-BF4B-00C04F79EFBC}") = "LightSwitch1.DesktopClient", "LightSwitch1\LightSwitch1.DesktopClient\LightSwitch1.DesktopClient.csproj", "{E27153C1-4481-4976-8415-8FFCE7FFC12F}"
EndProject
Global
	GlobalSection(SolutionConfigurationPlatforms) = preSolution
		Debug|Any CPU = Debug|Any CPU
		Release|Any CPU = Release|Any CPU
	EndGlobalSection
	GlobalSection(ProjectConfigurationPlatforms) = postSolution
		{5937B0CA-B9AA-446E-81A0-63D7820D2F1A}.Debug|Any CPU.ActiveCfg = Debug|Any CPU
		{5937B0CA-B9AA-446E-81A0-63D7820D2F1A}.Debug|Any CPU.Build.0 = Debug|Any CPU
		{5937B0CA-B9AA-446E-81A0-63D7820D2F1A}.Release|Any CPU.ActiveCfg = Release|Any CPU
		{5937B0CA-B9AA-446E-81A0-63D7820D2F1A}.Release|Any CPU.Build.0 = Release|Any CPU
		{33E9C9DA-C83C-453B-98F5-4B935B2D8D7E}.Debug|Any CPU.ActiveCfg = Debug|Any CPU
		{33E9C9DA-C83C-453B-98F5-4B935B2D8D7E}.Debug|Any CPU.Build.0 = Debug|Any CPU
		{33E9C9DA-C83C-453B-98F5-4B935B2D8D7E}.Release|Any CPU.ActiveCfg = Release|Any CPU
		{33E9C9DA-C83C-453B-98F5-4B935B2D8D7E}.Release|Any CPU.Build.0 = Release|Any CPU
		{E27153C1-4481-4976-8415-8FFCE7FFC12F}.Debug|Any CPU.ActiveCfg = Debug|Any CPU
		{E27153C1-4481-4976-8415-8FFCE7FFC12F}.Debug|Any CPU.Build.0 = Debug|Any CPU
		{E27153C1-4481-4976-8415-8FFCE7FFC12F}.Release|Any CPU.ActiveCfg = Release|Any CPU
		{E27153C1-4481-4976-8415-8FFCE7FFC12F}.Release|Any CPU.Build.0 = Release|Any CPU
	EndGlobalSection
	GlobalSection(SolutionProperties) = preSolution
		HideSolutionNode = FALSE
	EndGlobalSection
EndGlobal
