
Microsoft Visual Studio Solution File, Format Version 12.00
# Visual Studio Version 17
VisualStudioVersion = 17.8.34408.163
MinimumVisualStudioVersion = 10.0.40219.1
Project("{9A19103F-16F7-4668-BE54-9A1E7A4F7556}") = "MigratedLightSwitch1.Browser", "MigratedLightSwitch1\MigratedLightSwitch1.Browser\MigratedLightSwitch1.Browser.csproj", "{C3B9E1F6-804C-4ED2-9DDF-4C5065841081}"
EndProject
Project("{9A19103F-16F7-4668-BE54-9A1E7A4F7556}") = "MigratedLightSwitch1", "MigratedLightSwitch1\MigratedLightSwitch1\MigratedLightSwitch1.csproj", "{675BF761-0CEC-4E87-A6AC-737BA9C6F7BD}"
EndProject
Global
	GlobalSection(SolutionConfigurationPlatforms) = preSolution
		Debug|Any CPU = Debug|Any CPU
		Release|Any CPU = Release|Any CPU
	EndGlobalSection
	GlobalSection(ProjectConfigurationPlatforms) = postSolution
		{C3B9E1F6-804C-4ED2-9DDF-4C5065841081}.Debug|Any CPU.ActiveCfg = Debug|Any CPU
		{C3B9E1F6-804C-4ED2-9DDF-4C5065841081}.Debug|Any CPU.Build.0 = Debug|Any CPU
		{C3B9E1F6-804C-4ED2-9DDF-4C5065841081}.Release|Any CPU.ActiveCfg = Release|Any CPU
		{C3B9E1F6-804C-4ED2-9DDF-4C5065841081}.Release|Any CPU.Build.0 = Release|Any CPU
		{675BF761-0CEC-4E87-A6AC-737BA9C6F7BD}.Debug|Any CPU.ActiveCfg = Debug|Any CPU
		{675BF761-0CEC-4E87-A6AC-737BA9C6F7BD}.Debug|Any CPU.Build.0 = Debug|Any CPU
		{675BF761-0CEC-4E87-A6AC-737BA9C6F7BD}.Release|Any CPU.ActiveCfg = Release|Any CPU
		{675BF761-0CEC-4E87-A6AC-737BA9C6F7BD}.Release|Any CPU.Build.0 = Release|Any CPU
	EndGlobalSection
	GlobalSection(SolutionProperties) = preSolution
		HideSolutionNode = FALSE
	EndGlobalSection
	GlobalSection(ExtensibilityGlobals) = postSolution
		SolutionGuid = {D5576DB9-F30E-4B41-AF2C-2179E4D35436}
	EndGlobalSection
EndGlobal
